<Solution>
  <Folder Name="/benchmarks/">
    <Project Path="benchmarks/Colly.Benchmarks/Colly.Benchmarks.csproj" />
  </Folder>
  <Folder Name="/samples/">
    <Project Path="samples/Colly.Sample/Colly.Sample.csproj" />
  </Folder>
  <Folder Name="/src/">
    <Project Path="src/Colly/Colly.csproj" />
  </Folder>
  <Folder Name="/tests/">
    <Project Path="tests/Colly.Tests/Colly.Tests.csproj" />
  </Folder>
</Solution>
